{
  "name": "verdict-example-portfolio-tracker",
  "lockfileVersion": 3,
  "requires": true,
  "packages": {
    "": {
      "name": "verdict-example-portfolio-tracker",
      "dependencies": {
        "verdict-sdk": "file:../../sdk/ts"
      }
    },
    "../../sdk/ts": {
      "name": "verdict-sdk",
      "version": "0.1.0",
      "license": "MIT",
      "dependencies": {
        "@x402-avm/avm": "^2.6.1",
        "@x402-avm/fetch": "^2.6.1",
        "algosdk": "^3.6.0"
      },
      "devDependencies": {
        "@types/node": "^26.1.1",
        "typescript": "^7.0.2"
      }
    },
    "node_modules/verdict-sdk": {
      "resolved": "../../sdk/ts",
      "link": true
    }
  }
}
